
Microsoft Visual Studio Solution File, Format Version 12.00
# Visual Studio Version 16
VisualStudioVersion = 16.0.29409.12
MinimumVisualStudioVersion = 10.0.40219.1
Project("{9A19103F-16F7-4668-BE54-9A1E7A4F7556}") = "Client", "Client.csproj", "{DED23776-9F20-4656-8043-77A34AE6744C}"
EndProject
Global
	GlobalSection(SolutionConfigurationPlatforms) = preSolution
		Debug|Any CPU = Debug|Any CPU
		Release|Any CPU = Release|Any CPU
	EndGlobalSection
	GlobalSection(ProjectConfigurationPlatforms) = postSolution
		{DED23776-9F20-4656-8043-77A34AE6744C}.Debug|Any CPU.ActiveCfg = Debug|Any CPU
		{DED23776-9F20-4656-8043-77A34AE6744C}.Debug|Any CPU.Build.0 = Debug|Any CPU
		{DED23776-9F20-4656-8043-77A34AE6744C}.Release|Any CPU.ActiveCfg = Release|Any CPU
		{DED23776-9F20-4656-8043-77A34AE6744C}.Release|Any CPU.Build.0 = Release|Any CPU
	EndGlobalSection
	GlobalSection(SolutionProperties) = preSolution
		HideSolutionNode = FALSE
	EndGlobalSection
	GlobalSection(ExtensibilityGlobals) = postSolution
		SolutionGuid = {0540ADEF-D778-4B11-BA78-3FABC8BDEA22}
	EndGlobalSection
EndGlobal
